{
  "name": "caniuse-liteddd",
  "version": "1.0.0",
  "lockfileVersion": 1,
  "requires": true,
  "dependencies": {
    "caniuse-lite": {
      "version": "1.0.30001214",
      "resolved": "http://npm.in.zhihu.com/caniuse-lite/-/caniuse-lite-1.0.30001214.tgz",
      "integrity": "sha1-cPFTx4IjUVxtN6n95s1pJQ2p2HI="
    }
  }
}
